
Microsoft Visual Studio Solution File, Format Version 12.00
# Visual Studio 14
VisualStudioVersion = 14.0.23107.0
MinimumVisualStudioVersion = 10.0.40219.1
Project("{FAE04EC0-301F-11D3-BF4B-00C04F79EFBC}") = "ConsoleApplication_FileStream", "ConsoleApplication_FileStream\ConsoleApplication_FileStream.csproj", "{AE769ECD-565E-4432-9880-2C095EF2DF28}"
EndProject
Project("{FAE04EC0-301F-11D3-BF4B-00C04F79EFBC}") = "ConsoleApplication_Test", "ConsoleApplication_Test\ConsoleApplication_Test.csproj", "{5E601815-43EB-439E-ADDF-99F7D527B324}"
EndProject
Project("{FAE04EC0-301F-11D3-BF4B-00C04F79EFBC}") = "ConsoleApplication_Attribute", "ConsoleApplication_Attribute\ConsoleApplication_Attribute.csproj", "{6F8400FB-E62D-40AE-A58F-69456A01C02B}"
EndProject
Project("{FAE04EC0-301F-11D3-BF4B-00C04F79EFBC}") = "ConsoleApplication_Obsolete", "ConsoleApplication_Obsolete\ConsoleApplication_Obsolete.csproj", "{E0F68048-EC17-4C7B-BE8A-100FB157D39B}"
EndProject
Global
	GlobalSection(SolutionConfigurationPlatforms) = preSolution
		Debug|Any CPU = Debug|Any CPU
		Release|Any CPU = Release|Any CPU
	EndGlobalSection
	GlobalSection(ProjectConfigurationPlatforms) = postSolution
		{AE769ECD-565E-4432-9880-2C095EF2DF28}.Debug|Any CPU.ActiveCfg = Debug|Any CPU
		{AE769ECD-565E-4432-9880-2C095EF2DF28}.Debug|Any CPU.Build.0 = Debug|Any CPU
		{AE769ECD-565E-4432-9880-2C095EF2DF28}.Release|Any CPU.ActiveCfg = Release|Any CPU
		{AE769ECD-565E-4432-9880-2C095EF2DF28}.Release|Any CPU.Build.0 = Release|Any CPU
		{5E601815-43EB-439E-ADDF-99F7D527B324}.Debug|Any CPU.ActiveCfg = Debug|Any CPU
		{5E601815-43EB-439E-ADDF-99F7D527B324}.Debug|Any CPU.Build.0 = Debug|Any CPU
		{5E601815-43EB-439E-ADDF-99F7D527B324}.Release|Any CPU.ActiveCfg = Release|Any CPU
		{5E601815-43EB-439E-ADDF-99F7D527B324}.Release|Any CPU.Build.0 = Release|Any CPU
		{6F8400FB-E62D-40AE-A58F-69456A01C02B}.Debug|Any CPU.ActiveCfg = Debug|Any CPU
		{6F8400FB-E62D-40AE-A58F-69456A01C02B}.Debug|Any CPU.Build.0 = Debug|Any CPU
		{6F8400FB-E62D-40AE-A58F-69456A01C02B}.Release|Any CPU.ActiveCfg = Release|Any CPU
		{6F8400FB-E62D-40AE-A58F-69456A01C02B}.Release|Any CPU.Build.0 = Release|Any CPU
		{E0F68048-EC17-4C7B-BE8A-100FB157D39B}.Debug|Any CPU.ActiveCfg = Debug|Any CPU
		{E0F68048-EC17-4C7B-BE8A-100FB157D39B}.Debug|Any CPU.Build.0 = Debug|Any CPU
		{E0F68048-EC17-4C7B-BE8A-100FB157D39B}.Release|Any CPU.ActiveCfg = Release|Any CPU
		{E0F68048-EC17-4C7B-BE8A-100FB157D39B}.Release|Any CPU.Build.0 = Release|Any CPU
	EndGlobalSection
	GlobalSection(SolutionProperties) = preSolution
		HideSolutionNode = FALSE
	EndGlobalSection
EndGlobal
