
Microsoft Visual Studio Solution File, Format Version 12.00
# Visual Studio 14
VisualStudioVersion = 14.0.23107.0
MinimumVisualStudioVersion = 10.0.40219.1
Project("{FAE04EC0-301F-11D3-BF4B-00C04F79EFBC}") = "ConsoleApplication_FileStream", "ConsoleApplication_FileStream\ConsoleApplication_FileStream.csproj", "{AE769ECD-565E-4432-9880-2C095EF2DF28}"
EndProject
Project("{FAE04EC0-301F-11D3-BF4B-00C04F79EFBC}") = "ConsoleApplication_Test", "ConsoleApplication_Test\ConsoleApplication_Test.csproj", "{5E601815-43EB-439E-ADDF-99F7D527B324}"
EndProject
Project("{FAE04EC0-301F-11D3-BF4B-00C04F79EFBC}") = "ConsoleApplication_Attribute", "ConsoleApplication_Attribute\ConsoleApplication_Attribute.csproj", "{6F8400FB-E62D-40AE-A58F-69456A01C02B}"
EndProject
Project("{FAE04EC0-301F-11D3-BF4B-00C04F79EFBC}") = "ConsoleApplication_Obsolete", "ConsoleApplication_Obsolete\ConsoleApplication_Obsolete.csproj", "{E0F68048-EC17-4C7B-BE8A-100FB157D39B}"
EndProject
Project("{FAE04EC0-301F-11D3-BF4B-00C04F79EFBC}") = "ConsoleApplication_DeBugInfo", "ConsoleApplication_DeBugInfo\ConsoleApplication_DeBugInfo.csproj", "{C1EF7967-4A85-4AF2-8C3B-E239C09AF72A}"
EndProject
Project("{FAE04EC0-301F-11D3-BF4B-00C04F79EFBC}") = "ConsoleApplication_MD5", "ConsoleApplication_MD5\ConsoleApplication_MD5.csproj", "{DB56E28B-F02B-4A2F-9746-D85BCC222FD0}"
EndProject
Project("{FAE04EC0-301F-11D3-BF4B-00C04F79EFBC}") = "WpfApplication_WebBrower", "WpfApplication_WebBrower\WpfApplication_WebBrower.csproj", "{A8C1F7C6-1E60-47F5-99E9-A67280B368A4}"
EndProject
Project("{FAE04EC0-301F-11D3-BF4B-00C04F79EFBC}") = "WpfApplication_MVVM", "WpfApplication_MVVM\WpfApplication_MVVM.csproj", "{B1FD9CAB-1240-4B78-B4DF-0E41A735F757}"
EndProject
Project("{FAE04EC0-301F-11D3-BF4B-00C04F79EFBC}") = "ConsoleApplication_FileToImage", "ConsoleApplication_FileToImage\ConsoleApplication_FileToImage.csproj", "{462A3B50-3D2F-4F60-8F1B-164F29D1C15B}"
EndProject
Project("{FAE04EC0-301F-11D3-BF4B-00C04F79EFBC}") = "ConsoleApplication_LINQ", "ConsoleApplication_LINQ\ConsoleApplication_LINQ.csproj", "{3E637471-BC3A-4C5C-B4BC-D55A8FFD99D6}"
EndProject
Project("{FAE04EC0-301F-11D3-BF4B-00C04F79EFBC}") = "MyLogger", "MyLogger\MyLogger.csproj", "{5B316763-2338-41A1-9BED-155778CFF265}"
EndProject
Project("{FAE04EC0-301F-11D3-BF4B-00C04F79EFBC}") = "WpfApplication_Excel_Image_Expose", "WpfApplication_Excel_Image_Expose\WpfApplication_Excel_Image_Expose.csproj", "{A765A706-355A-41B5-A9E5-4657920A1605}"
EndProject
Project("{FAE04EC0-301F-11D3-BF4B-00C04F79EFBC}") = "UniqueMachineId", "UniqueMachineId\UniqueMachineId.csproj", "{3CFFE6DB-E193-4AF2-99CC-ADC5794A2EB1}"
EndProject
Global
	GlobalSection(SolutionConfigurationPlatforms) = preSolution
		Debug|Any CPU = Debug|Any CPU
		Release|Any CPU = Release|Any CPU
	EndGlobalSection
	GlobalSection(ProjectConfigurationPlatforms) = postSolution
		{AE769ECD-565E-4432-9880-2C095EF2DF28}.Debug|Any CPU.ActiveCfg = Debug|Any CPU
		{AE769ECD-565E-4432-9880-2C095EF2DF28}.Debug|Any CPU.Build.0 = Debug|Any CPU
		{AE769ECD-565E-4432-9880-2C095EF2DF28}.Release|Any CPU.ActiveCfg = Release|Any CPU
		{AE769ECD-565E-4432-9880-2C095EF2DF28}.Release|Any CPU.Build.0 = Release|Any CPU
		{5E601815-43EB-439E-ADDF-99F7D527B324}.Debug|Any CPU.ActiveCfg = Debug|Any CPU
		{5E601815-43EB-439E-ADDF-99F7D527B324}.Debug|Any CPU.Build.0 = Debug|Any CPU
		{5E601815-43EB-439E-ADDF-99F7D527B324}.Release|Any CPU.ActiveCfg = Release|Any CPU
		{5E601815-43EB-439E-ADDF-99F7D527B324}.Release|Any CPU.Build.0 = Release|Any CPU
		{6F8400FB-E62D-40AE-A58F-69456A01C02B}.Debug|Any CPU.ActiveCfg = Debug|Any CPU
		{6F8400FB-E62D-40AE-A58F-69456A01C02B}.Debug|Any CPU.Build.0 = Debug|Any CPU
		{6F8400FB-E62D-40AE-A58F-69456A01C02B}.Release|Any CPU.ActiveCfg = Release|Any CPU
		{6F8400FB-E62D-40AE-A58F-69456A01C02B}.Release|Any CPU.Build.0 = Release|Any CPU
		{E0F68048-EC17-4C7B-BE8A-100FB157D39B}.Debug|Any CPU.ActiveCfg = Debug|Any CPU
		{E0F68048-EC17-4C7B-BE8A-100FB157D39B}.Debug|Any CPU.Build.0 = Debug|Any CPU
		{E0F68048-EC17-4C7B-BE8A-100FB157D39B}.Release|Any CPU.ActiveCfg = Release|Any CPU
		{E0F68048-EC17-4C7B-BE8A-100FB157D39B}.Release|Any CPU.Build.0 = Release|Any CPU
		{C1EF7967-4A85-4AF2-8C3B-E239C09AF72A}.Debug|Any CPU.ActiveCfg = Debug|Any CPU
		{C1EF7967-4A85-4AF2-8C3B-E239C09AF72A}.Debug|Any CPU.Build.0 = Debug|Any CPU
		{C1EF7967-4A85-4AF2-8C3B-E239C09AF72A}.Release|Any CPU.ActiveCfg = Release|Any CPU
		{C1EF7967-4A85-4AF2-8C3B-E239C09AF72A}.Release|Any CPU.Build.0 = Release|Any CPU
		{DB56E28B-F02B-4A2F-9746-D85BCC222FD0}.Debug|Any CPU.ActiveCfg = Debug|Any CPU
		{DB56E28B-F02B-4A2F-9746-D85BCC222FD0}.Debug|Any CPU.Build.0 = Debug|Any CPU
		{DB56E28B-F02B-4A2F-9746-D85BCC222FD0}.Release|Any CPU.ActiveCfg = Release|Any CPU
		{DB56E28B-F02B-4A2F-9746-D85BCC222FD0}.Release|Any CPU.Build.0 = Release|Any CPU
		{A8C1F7C6-1E60-47F5-99E9-A67280B368A4}.Debug|Any CPU.ActiveCfg = Debug|Any CPU
		{A8C1F7C6-1E60-47F5-99E9-A67280B368A4}.Debug|Any CPU.Build.0 = Debug|Any CPU
		{A8C1F7C6-1E60-47F5-99E9-A67280B368A4}.Release|Any CPU.ActiveCfg = Release|Any CPU
		{A8C1F7C6-1E60-47F5-99E9-A67280B368A4}.Release|Any CPU.Build.0 = Release|Any CPU
		{B1FD9CAB-1240-4B78-B4DF-0E41A735F757}.Debug|Any CPU.ActiveCfg = Debug|Any CPU
		{B1FD9CAB-1240-4B78-B4DF-0E41A735F757}.Debug|Any CPU.Build.0 = Debug|Any CPU
		{B1FD9CAB-1240-4B78-B4DF-0E41A735F757}.Release|Any CPU.ActiveCfg = Release|Any CPU
		{B1FD9CAB-1240-4B78-B4DF-0E41A735F757}.Release|Any CPU.Build.0 = Release|Any CPU
		{462A3B50-3D2F-4F60-8F1B-164F29D1C15B}.Debug|Any CPU.ActiveCfg = Debug|Any CPU
		{462A3B50-3D2F-4F60-8F1B-164F29D1C15B}.Debug|Any CPU.Build.0 = Debug|Any CPU
		{462A3B50-3D2F-4F60-8F1B-164F29D1C15B}.Release|Any CPU.ActiveCfg = Release|Any CPU
		{462A3B50-3D2F-4F60-8F1B-164F29D1C15B}.Release|Any CPU.Build.0 = Release|Any CPU
		{3E637471-BC3A-4C5C-B4BC-D55A8FFD99D6}.Debug|Any CPU.ActiveCfg = Debug|Any CPU
		{3E637471-BC3A-4C5C-B4BC-D55A8FFD99D6}.Debug|Any CPU.Build.0 = Debug|Any CPU
		{3E637471-BC3A-4C5C-B4BC-D55A8FFD99D6}.Release|Any CPU.ActiveCfg = Release|Any CPU
		{3E637471-BC3A-4C5C-B4BC-D55A8FFD99D6}.Release|Any CPU.Build.0 = Release|Any CPU
		{5B316763-2338-41A1-9BED-155778CFF265}.Debug|Any CPU.ActiveCfg = Debug|Any CPU
		{5B316763-2338-41A1-9BED-155778CFF265}.Debug|Any CPU.Build.0 = Debug|Any CPU
		{5B316763-2338-41A1-9BED-155778CFF265}.Release|Any CPU.ActiveCfg = Release|Any CPU
		{5B316763-2338-41A1-9BED-155778CFF265}.Release|Any CPU.Build.0 = Release|Any CPU
		{A765A706-355A-41B5-A9E5-4657920A1605}.Debug|Any CPU.ActiveCfg = Debug|Any CPU
		{A765A706-355A-41B5-A9E5-4657920A1605}.Debug|Any CPU.Build.0 = Debug|Any CPU
		{A765A706-355A-41B5-A9E5-4657920A1605}.Release|Any CPU.ActiveCfg = Release|Any CPU
		{A765A706-355A-41B5-A9E5-4657920A1605}.Release|Any CPU.Build.0 = Release|Any CPU
		{3CFFE6DB-E193-4AF2-99CC-ADC5794A2EB1}.Debug|Any CPU.ActiveCfg = Debug|Any CPU
		{3CFFE6DB-E193-4AF2-99CC-ADC5794A2EB1}.Debug|Any CPU.Build.0 = Debug|Any CPU
		{3CFFE6DB-E193-4AF2-99CC-ADC5794A2EB1}.Release|Any CPU.ActiveCfg = Release|Any CPU
		{3CFFE6DB-E193-4AF2-99CC-ADC5794A2EB1}.Release|Any CPU.Build.0 = Release|Any CPU
	EndGlobalSection
	GlobalSection(SolutionProperties) = preSolution
		HideSolutionNode = FALSE
	EndGlobalSection
EndGlobal
